{
  "name": "be.telenut.elekeeper",
  "version": "1.0.0",
  "lockfileVersion": 3,
  "requires": true,
  "packages": {
    "": {
      "name": "be.telenut.elekeeper",
      "version": "1.0.0",
      "devDependencies": {
        "@types/homey": "npm:homey-apps-sdk-v3-types@^0.3.12"
      }
    },
    "node_modules/@types/homey": {
      "name": "homey-apps-sdk-v3-types",
      "version": "0.3.12",
      "resolved": "https://registry.npmjs.org/homey-apps-sdk-v3-types/-/homey-apps-sdk-v3-types-0.3.12.tgz",
      "integrity": "sha512-xr275VoF7FAiTi6PzElqHWpuGgSBY9hZFZsKeCTA4rluopf8sVk6zUPa+giSRSTiTrN3N3QjmHD5lUoNVwYd4g==",
      "dev": true,
      "license": "ISC",
      "dependencies": {
        "@types/node": "^14.14.20"
      }
    },
    "node_modules/@types/node": {
      "version": "14.18.63",
      "resolved": "https://registry.npmjs.org/@types/node/-/node-14.18.63.tgz",
      "integrity": "sha512-fAtCfv4jJg+ExtXhvCkCqUKZ+4ok/JQk01qDKhL5BDDoS3AxKXhV5/MAVUZyQnSEd2GT92fkgZl0pz0Q0AzcIQ==",
      "dev": true,
      "license": "MIT"
    }
  }
}
